
Microsoft Visual Studio Solution File, Format Version 12.00
# Visual Studio Version 17
VisualStudioVersion = 17.5.002.0
MinimumVisualStudioVersion = 10.0.40219.1
Project("{9A19103F-16F7-4668-BE54-9A1E7A4F7556}") = "WebApi", "WebApi.csproj", "{7A91C385-B1E5-4236-85B0-4F3438C042A2}"
EndProject
Global
	GlobalSection(SolutionConfigurationPlatforms) = preSolution
		Debug|Any CPU = Debug|Any CPU
		Release|Any CPU = Release|Any CPU
	EndGlobalSection
	GlobalSection(ProjectConfigurationPlatforms) = postSolution
		{7A91C385-B1E5-4236-85B0-4F3438C042A2}.Debug|Any CPU.ActiveCfg = Debug|Any CPU
		{7A91C385-B1E5-4236-85B0-4F3438C042A2}.Debug|Any CPU.Build.0 = Debug|Any CPU
		{7A91C385-B1E5-4236-85B0-4F3438C042A2}.Release|Any CPU.ActiveCfg = Release|Any CPU
		{7A91C385-B1E5-4236-85B0-4F3438C042A2}.Release|Any CPU.Build.0 = Release|Any CPU
	EndGlobalSection
	GlobalSection(SolutionProperties) = preSolution
		HideSolutionNode = FALSE
	EndGlobalSection
	GlobalSection(ExtensibilityGlobals) = postSolution
		SolutionGuid = {C679D0C5-AE16-4AC4-B6F7-06941B6DAE07}
	EndGlobalSection
EndGlobal
